// !$*UTF8*$!
{
	archiveVersion = 1;
	classes = {
	};
	objectVersion = 55;
	objects = {

/* Begin PBXBuildFile section */
		75109A4E285BB7CE00CAC400 /* Lion_PoolApp.swift in Sources */ = {isa = PBXBuildFile; fileRef = 75109A4D285BB7CE00CAC400 /* Lion_PoolApp.swift */; };
		75109A52285BB7D100CAC400 /* Assets.xcassets in Resources */ = {isa = PBXBuildFile; fileRef = 75109A51285BB7D100CAC400 /* Assets.xcassets */; };
		75109A55285BB7D100CAC400 /* Preview Assets.xcassets in Resources */ = {isa = PBXBuildFile; fileRef = 75109A54285BB7D100CAC400 /* Preview Assets.xcassets */; };
		75109A5F285BB7D100CAC400 /* Lion_PoolTests.swift in Sources */ = {isa = PBXBuildFile; fileRef = 75109A5E285BB7D100CAC400 /* Lion_PoolTests.swift */; };
		75109A69285BB7D100CAC400 /* Lion_PoolUITests.swift in Sources */ = {isa = PBXBuildFile; fileRef = 75109A68285BB7D100CAC400 /* Lion_PoolUITests.swift */; };
		75109A6B285BB7D100CAC400 /* Lion_PoolUITestsLaunchTests.swift in Sources */ = {isa = PBXBuildFile; fileRef = 75109A6A285BB7D100CAC400 /* Lion_PoolUITestsLaunchTests.swift */; };
		751110112A95AB0E000EDC4D /* SettingView.swift in Sources */ = {isa = PBXBuildFile; fileRef = 751110102A95AB0E000EDC4D /* SettingView.swift */; };
		751110132A95AB36000EDC4D /* SettingsView.swift in Sources */ = {isa = PBXBuildFile; fileRef = 751110122A95AB36000EDC4D /* SettingsView.swift */; };
		75111D892A761C1F0064F990 /* TimeUtils.swift in Sources */ = {isa = PBXBuildFile; fileRef = 75111D882A761C1F0064F990 /* TimeUtils.swift */; };
		751507692A84B01900B0031B /* Lion-Pool-Info.plist in Resources */ = {isa = PBXBuildFile; fileRef = 751507682A84B01900B0031B /* Lion-Pool-Info.plist */; };
		751A4AEE2A954781001CAE22 /* ChoiceView.swift in Sources */ = {isa = PBXBuildFile; fileRef = 751A4AED2A954781001CAE22 /* ChoiceView.swift */; };
		751C34EF2A6CF08200F6783C /* GoogleService-Info.plist in Resources */ = {isa = PBXBuildFile; fileRef = 751C34EE2A6CF08200F6783C /* GoogleService-Info.plist */; };
		751C34F22A6CF11E00F6783C /* GoogleSignIn in Frameworks */ = {isa = PBXBuildFile; productRef = 751C34F12A6CF11E00F6783C /* GoogleSignIn */; };
		751C34F42A6CF11E00F6783C /* GoogleSignInSwift in Frameworks */ = {isa = PBXBuildFile; productRef = 751C34F32A6CF11E00F6783C /* GoogleSignInSwift */; };
		751C34F82A6DEDE800F6783C /* FlightDetailView.swift in Sources */ = {isa = PBXBuildFile; fileRef = 751C34F72A6DEDE800F6783C /* FlightDetailView.swift */; };
		752B07362A96B6DD005208BB /* InstagramModel.swift in Sources */ = {isa = PBXBuildFile; fileRef = 752B07352A96B6DD005208BB /* InstagramModel.swift */; };
		752DC02C2A8497840054F7AD /* NewFlightDetailView.swift in Sources */ = {isa = PBXBuildFile; fileRef = 752DC02B2A8497840054F7AD /* NewFlightDetailView.swift */; };
		752F99702A57B4580036ECEE /* InputView.swift in Sources */ = {isa = PBXBuildFile; fileRef = 752F996F2A57B4580036ECEE /* InputView.swift */; };
		752F99742A57B76E0036ECEE /* LoginView.swift in Sources */ = {isa = PBXBuildFile; fileRef = 752F99732A57B76E0036ECEE /* LoginView.swift */; };
		752F99762A57B7D40036ECEE /* Logo.swift in Sources */ = {isa = PBXBuildFile; fileRef = 752F99752A57B7D40036ECEE /* Logo.swift */; };
		752F99782A57C8100036ECEE /* RegistrationView.swift in Sources */ = {isa = PBXBuildFile; fileRef = 752F99772A57C8100036ECEE /* RegistrationView.swift */; };
		752F997A2A57CDBE0036ECEE /* User.swift in Sources */ = {isa = PBXBuildFile; fileRef = 752F99792A57CDBE0036ECEE /* User.swift */; };
		752F99812A57D24B0036ECEE /* UserModel.swift in Sources */ = {isa = PBXBuildFile; fileRef = 752F99802A57D24B0036ECEE /* UserModel.swift */; };
		75366130285BBBF40077C02F /* FlightView.swift in Sources */ = {isa = PBXBuildFile; fileRef = 75109A81285BB85900CAC400 /* FlightView.swift */; };
		75366131285BBBF40077C02F /* ImagePicker.swift in Sources */ = {isa = PBXBuildFile; fileRef = 75109A82285BB85900CAC400 /* ImagePicker.swift */; };
		75366138285BBBF50077C02F /* FlightView.swift in Sources */ = {isa = PBXBuildFile; fileRef = 75109A81285BB85900CAC400 /* FlightView.swift */; };
		75366139285BBBF50077C02F /* ImagePicker.swift in Sources */ = {isa = PBXBuildFile; fileRef = 75109A82285BB85900CAC400 /* ImagePicker.swift */; };
		75366140285BBBF60077C02F /* FlightView.swift in Sources */ = {isa = PBXBuildFile; fileRef = 75109A81285BB85900CAC400 /* FlightView.swift */; };
		75366141285BBBF60077C02F /* ImagePicker.swift in Sources */ = {isa = PBXBuildFile; fileRef = 75109A82285BB85900CAC400 /* ImagePicker.swift */; };
		75366145285BBBFC0077C02F /* StartScreenView.swift in Sources */ = {isa = PBXBuildFile; fileRef = 75109A85285BB85900CAC400 /* StartScreenView.swift */; };
		75366148285BBBFC0077C02F /* StartScreenView.swift in Sources */ = {isa = PBXBuildFile; fileRef = 75109A85285BB85900CAC400 /* StartScreenView.swift */; };
		7536614B285BBBFD0077C02F /* StartScreenView.swift in Sources */ = {isa = PBXBuildFile; fileRef = 75109A85285BB85900CAC400 /* StartScreenView.swift */; };
		7536614D285BBC080077C02F /* FlightListView.swift in Sources */ = {isa = PBXBuildFile; fileRef = 75109A98285BB85A00CAC400 /* FlightListView.swift */; };
		75366150285BBC080077C02F /* AddFlightView.swift in Sources */ = {isa = PBXBuildFile; fileRef = 75109A96285BB85A00CAC400 /* AddFlightView.swift */; };
		75366151285BBC080077C02F /* ScheduledRidesView.swift in Sources */ = {isa = PBXBuildFile; fileRef = 75109A97285BB85A00CAC400 /* ScheduledRidesView.swift */; };
		75366152285BBC090077C02F /* FlightListView.swift in Sources */ = {isa = PBXBuildFile; fileRef = 75109A98285BB85A00CAC400 /* FlightListView.swift */; };
		75366156285BBC090077C02F /* ScheduledRidesView.swift in Sources */ = {isa = PBXBuildFile; fileRef = 75109A97285BB85A00CAC400 /* ScheduledRidesView.swift */; };
		75366157285BBC090077C02F /* FlightListView.swift in Sources */ = {isa = PBXBuildFile; fileRef = 75109A98285BB85A00CAC400 /* FlightListView.swift */; };
		7536615B285BBC090077C02F /* ScheduledRidesView.swift in Sources */ = {isa = PBXBuildFile; fileRef = 75109A97285BB85A00CAC400 /* ScheduledRidesView.swift */; };
		753751192A57DE1F00B02528 /* RegistrationView.swift in Sources */ = {isa = PBXBuildFile; fileRef = 752F99772A57C8100036ECEE /* RegistrationView.swift */; };
		7537511A2A57DE1F00B02528 /* RegistrationView.swift in Sources */ = {isa = PBXBuildFile; fileRef = 752F99772A57C8100036ECEE /* RegistrationView.swift */; };
		7537511B2A57DE1F00B02528 /* LoginView.swift in Sources */ = {isa = PBXBuildFile; fileRef = 752F99732A57B76E0036ECEE /* LoginView.swift */; };
		7537511C2A57DE1F00B02528 /* LoginView.swift in Sources */ = {isa = PBXBuildFile; fileRef = 752F99732A57B76E0036ECEE /* LoginView.swift */; };
		7537511E2A57E43700B02528 /* HomeView.swift in Sources */ = {isa = PBXBuildFile; fileRef = 7537511D2A57E43700B02528 /* HomeView.swift */; };
		753F946D2A8DE4980008F0A1 /* FlightDetailTicket.swift in Sources */ = {isa = PBXBuildFile; fileRef = 753F946C2A8DE4980008F0A1 /* FlightDetailTicket.swift */; };
		754AD3FD2A59363100F78013 /* Flight.swift in Sources */ = {isa = PBXBuildFile; fileRef = 754AD3FC2A59363100F78013 /* Flight.swift */; };
		75596AC32A79694600C6C819 /* ConfirmFlight.swift in Sources */ = {isa = PBXBuildFile; fileRef = 75596AC22A79694600C6C819 /* ConfirmFlight.swift */; };
		75596AC52A7969FB00C6C819 /* NotificationView.swift in Sources */ = {isa = PBXBuildFile; fileRef = 75596AC42A7969FB00C6C819 /* NotificationView.swift */; };
		755A28AB2A7A33CA00B4C9B7 /* MatchModel.swift in Sources */ = {isa = PBXBuildFile; fileRef = 755A28AA2A7A33CA00B4C9B7 /* MatchModel.swift */; };
		755A28AD2A7A33D900B4C9B7 /* RequestModel.swift in Sources */ = {isa = PBXBuildFile; fileRef = 755A28AC2A7A33D900B4C9B7 /* RequestModel.swift */; };
		755A28AF2A7A33E900B4C9B7 /* FlightModel.swift in Sources */ = {isa = PBXBuildFile; fileRef = 755A28AE2A7A33E900B4C9B7 /* FlightModel.swift */; };
		756FFCAD2A85A5230080DF90 /* DECTERM.ttf in Resources */ = {isa = PBXBuildFile; fileRef = 756FFCAC2A85A5230080DF90 /* DECTERM.ttf */; };
		757297222A57D68300B8EE3D /* Lion_PoolApp.swift in Sources */ = {isa = PBXBuildFile; fileRef = 75109A4D285BB7CE00CAC400 /* Lion_PoolApp.swift */; };
		757297232A57D68400B8EE3D /* Lion_PoolApp.swift in Sources */ = {isa = PBXBuildFile; fileRef = 75109A4D285BB7CE00CAC400 /* Lion_PoolApp.swift */; };
		75731D392A75BC4A0001B01E /* Request.swift in Sources */ = {isa = PBXBuildFile; fileRef = 75731D382A75BC4A0001B01E /* Request.swift */; };
		75731D3B2A75C7940001B01E /* ConfirmedMatchView.swift in Sources */ = {isa = PBXBuildFile; fileRef = 75731D3A2A75C7940001B01E /* ConfirmedMatchView.swift */; };
		75731D3D2A75CD130001B01E /* ConfirmedMatchesListView.swift in Sources */ = {isa = PBXBuildFile; fileRef = 75731D3C2A75CD130001B01E /* ConfirmedMatchesListView.swift */; };
		758137872A69DD8C00577409 /* CustomNavBarView.swift in Sources */ = {isa = PBXBuildFile; fileRef = 758137862A69DD8C00577409 /* CustomNavBarView.swift */; };
		758137892A69E12D00577409 /* CustomNavBarContainerView.swift in Sources */ = {isa = PBXBuildFile; fileRef = 758137882A69E12D00577409 /* CustomNavBarContainerView.swift */; };
		7581378B2A69E30A00577409 /* AppNavBarView.swift in Sources */ = {isa = PBXBuildFile; fileRef = 7581378A2A69E30A00577409 /* AppNavBarView.swift */; };
		7581378D2A69E4A900577409 /* CustomNavView.swift in Sources */ = {isa = PBXBuildFile; fileRef = 7581378C2A69E4A900577409 /* CustomNavView.swift */; };
		7581378F2A69E73F00577409 /* CustomNavLink.swift in Sources */ = {isa = PBXBuildFile; fileRef = 7581378E2A69E73F00577409 /* CustomNavLink.swift */; };
		758137922A69EC2100577409 /* CustomNavBarPreferenceKeys.swift in Sources */ = {isa = PBXBuildFile; fileRef = 758137912A69EC2100577409 /* CustomNavBarPreferenceKeys.swift */; };
		7581379A2A6A2BA300577409 /* UserDataView.swift in Sources */ = {isa = PBXBuildFile; fileRef = 758137992A6A2BA300577409 /* UserDataView.swift */; };
		75881F6C2A7C204E0067AFA5 /* imageUtils.swift in Sources */ = {isa = PBXBuildFile; fileRef = 75881F6B2A7C204E0067AFA5 /* imageUtils.swift */; };
		75881F6E2A7C4E900067AFA5 /* RequestView.swift in Sources */ = {isa = PBXBuildFile; fileRef = 75881F6D2A7C4E900067AFA5 /* RequestView.swift */; };
		75881F702A7C8E990067AFA5 /* ExpandedMatchView.swift in Sources */ = {isa = PBXBuildFile; fileRef = 75881F6F2A7C8E990067AFA5 /* ExpandedMatchView.swift */; };
		75881F732A7D99C50067AFA5 /* FlightDetailView.swift in Sources */ = {isa = PBXBuildFile; fileRef = 751C34F72A6DEDE800F6783C /* FlightDetailView.swift */; };
		75881F742A7D99C50067AFA5 /* FlightDetailView.swift in Sources */ = {isa = PBXBuildFile; fileRef = 751C34F72A6DEDE800F6783C /* FlightDetailView.swift */; };
		758B6CCE2A9441500065B67B /* PartialSheet in Frameworks */ = {isa = PBXBuildFile; productRef = 758B6CCD2A9441500065B67B /* PartialSheet */; };
		758B6CD02A94447E0065B67B /* ChooseImageMedium.swift in Sources */ = {isa = PBXBuildFile; fileRef = 758B6CCF2A94447E0065B67B /* ChooseImageMedium.swift */; };
		758DF8EC2A8F0B400002BFF2 /* FacebookAEM in Frameworks */ = {isa = PBXBuildFile; productRef = 758DF8EB2A8F0B400002BFF2 /* FacebookAEM */; };
		758DF8EE2A8F0B400002BFF2 /* FacebookBasics in Frameworks */ = {isa = PBXBuildFile; productRef = 758DF8ED2A8F0B400002BFF2 /* FacebookBasics */; };
		758DF8F02A8F0B400002BFF2 /* FacebookCore in Frameworks */ = {isa = PBXBuildFile; productRef = 758DF8EF2A8F0B400002BFF2 /* FacebookCore */; };
		758DF8F22A8F0B400002BFF2 /* FacebookLogin in Frameworks */ = {isa = PBXBuildFile; productRef = 758DF8F12A8F0B400002BFF2 /* FacebookLogin */; };
		758DF8F42A8F0B400002BFF2 /* FacebookShare in Frameworks */ = {isa = PBXBuildFile; productRef = 758DF8F32A8F0B400002BFF2 /* FacebookShare */; };
		758DF8FA2A8F1EB00002BFF2 /* InstagramView.swift in Sources */ = {isa = PBXBuildFile; fileRef = 758DF8F92A8F1EB00002BFF2 /* InstagramView.swift */; };
		758DF9022A8F35440002BFF2 /* InstagramWebView.swift in Sources */ = {isa = PBXBuildFile; fileRef = 758DF9012A8F35440002BFF2 /* InstagramWebView.swift */; };
		758DF9042A8F367D0002BFF2 /* FakeView.swift in Sources */ = {isa = PBXBuildFile; fileRef = 758DF9032A8F367D0002BFF2 /* FakeView.swift */; };
		7595576B2A58DD8900571AD0 /* FirebaseAuth in Frameworks */ = {isa = PBXBuildFile; productRef = 7595576A2A58DD8900571AD0 /* FirebaseAuth */; };
		7595576D2A58DD8900571AD0 /* FirebaseAuthCombine-Community in Frameworks */ = {isa = PBXBuildFile; productRef = 7595576C2A58DD8900571AD0 /* FirebaseAuthCombine-Community */; };
		7595576F2A58DD8900571AD0 /* FirebaseDatabase in Frameworks */ = {isa = PBXBuildFile; productRef = 7595576E2A58DD8900571AD0 /* FirebaseDatabase */; };
		759557712A58DD8900571AD0 /* FirebaseDatabaseSwift in Frameworks */ = {isa = PBXBuildFile; productRef = 759557702A58DD8900571AD0 /* FirebaseDatabaseSwift */; };
		759557732A58DD8900571AD0 /* FirebaseFirestore in Frameworks */ = {isa = PBXBuildFile; productRef = 759557722A58DD8900571AD0 /* FirebaseFirestore */; };
		759557752A58DD8900571AD0 /* FirebaseFirestoreSwift in Frameworks */ = {isa = PBXBuildFile; productRef = 759557742A58DD8900571AD0 /* FirebaseFirestoreSwift */; };
		759557772A58DD8900571AD0 /* FirebaseStorage in Frameworks */ = {isa = PBXBuildFile; productRef = 759557762A58DD8900571AD0 /* FirebaseStorage */; };
		759557792A58DD8900571AD0 /* FirebaseStorageCombine-Community in Frameworks */ = {isa = PBXBuildFile; productRef = 759557782A58DD8900571AD0 /* FirebaseStorageCombine-Community */; };
		75985C572A8D9EBC00103AA1 /* ChicagoFLF.ttf in Resources */ = {isa = PBXBuildFile; fileRef = 75985C562A8D9EB400103AA1 /* ChicagoFLF.ttf */; };
		75985C592A8DB65A00103AA1 /* Checklist.swift in Sources */ = {isa = PBXBuildFile; fileRef = 75985C582A8DB65A00103AA1 /* Checklist.swift */; };
		75985C5B2A8DD39D00103AA1 /* ConfirmChoiceView.swift in Sources */ = {isa = PBXBuildFile; fileRef = 75985C5A2A8DD39D00103AA1 /* ConfirmChoiceView.swift */; };
		759A00862A7B1C5C002BE671 /* CardView.swift in Sources */ = {isa = PBXBuildFile; fileRef = 759A00852A7B1C5C002BE671 /* CardView.swift */; };
		759B43D02A7230CA0050D2C4 /* FindingMatchView.swift in Sources */ = {isa = PBXBuildFile; fileRef = 759B43CF2A7230CA0050D2C4 /* FindingMatchView.swift */; };
		759B43D22A72EB0E0050D2C4 /* NoMatchView.swift in Sources */ = {isa = PBXBuildFile; fileRef = 759B43D12A72EB0E0050D2C4 /* NoMatchView.swift */; };
		75A05E762A586C3D002ABE9C /* ContentView.swift in Sources */ = {isa = PBXBuildFile; fileRef = 75A05E752A586C3D002ABE9C /* ContentView.swift */; };
		75A05E7A2A5896D0002ABE9C /* ProfileView.swift in Sources */ = {isa = PBXBuildFile; fileRef = 75A05E792A5896D0002ABE9C /* ProfileView.swift */; };
		75A05E842A58C72D002ABE9C /* iPhoneNumberField in Frameworks */ = {isa = PBXBuildFile; productRef = 75A05E832A58C72D002ABE9C /* iPhoneNumberField */; };
		75A5DBE52A9814AE00BAF8FA /* AuthViewModel.swift in Sources */ = {isa = PBXBuildFile; fileRef = 75A5DBE42A9814AE00BAF8FA /* AuthViewModel.swift */; };
		75B46D1D2A84ABD4002EE5D2 /* ProfileView.swift in Sources */ = {isa = PBXBuildFile; fileRef = 75A05E792A5896D0002ABE9C /* ProfileView.swift */; };
		75B46D1E2A84ABD4002EE5D2 /* ProfileView.swift in Sources */ = {isa = PBXBuildFile; fileRef = 75A05E792A5896D0002ABE9C /* ProfileView.swift */; };
		75D7FDCB2A704BBC00779DA5 /* Matches.swift in Sources */ = {isa = PBXBuildFile; fileRef = 75D7FDCA2A704BBC00779DA5 /* Matches.swift */; };
		75D7FDD02A70CB5700779DA5 /* MatchesListView.swift in Sources */ = {isa = PBXBuildFile; fileRef = 75D7FDCF2A70CB5700779DA5 /* MatchesListView.swift */; };
		75D7FDD22A70CE7C00779DA5 /* FlightMatch.swift in Sources */ = {isa = PBXBuildFile; fileRef = 75D7FDD12A70CE7C00779DA5 /* FlightMatch.swift */; };
		75EE9C722A94369B000F6896 /* HalfScreenView.swift in Sources */ = {isa = PBXBuildFile; fileRef = 75EE9C712A94369B000F6896 /* HalfScreenView.swift */; };
/* End PBXBuildFile section */

/* Begin PBXContainerItemProxy section */
		75109A5B285BB7D100CAC400 /* PBXContainerItemProxy */ = {
			isa = PBXContainerItemProxy;
			containerPortal = 75109A42285BB7CE00CAC400 /* Project object */;
			proxyType = 1;
			remoteGlobalIDString = 75109A49285BB7CE00CAC400;
			remoteInfo = "Lion Pool";
		};
		75109A65285BB7D100CAC400 /* PBXContainerItemProxy */ = {
			isa = PBXContainerItemProxy;
			containerPortal = 75109A42285BB7CE00CAC400 /* Project object */;
			proxyType = 1;
			remoteGlobalIDString = 75109A49285BB7CE00CAC400;
			remoteInfo = "Lion Pool";
		};
/* End PBXContainerItemProxy section */

/* Begin PBXFileReference section */
		75109A4A285BB7CE00CAC400 /* Lion Pool.app */ = {isa = PBXFileReference; explicitFileType = wrapper.application; includeInIndex = 0; path = "Lion Pool.app"; sourceTree = BUILT_PRODUCTS_DIR; };
		75109A4D285BB7CE00CAC400 /* Lion_PoolApp.swift */ = {isa = PBXFileReference; lastKnownFileType = sourcecode.swift; name = Lion_PoolApp.swift; path = "/Users/philliple/Documents/Lion-Pool/Lion Pool/Lion_PoolApp.swift"; sourceTree = "<absolute>"; };
		75109A51285BB7D100CAC400 /* Assets.xcassets */ = {isa = PBXFileReference; lastKnownFileType = folder.assetcatalog; path = Assets.xcassets; sourceTree = "<group>"; };
		75109A54285BB7D100CAC400 /* Preview Assets.xcassets */ = {isa = PBXFileReference; lastKnownFileType = folder.assetcatalog; path = "Preview Assets.xcassets"; sourceTree = "<group>"; };
		75109A5A285BB7D100CAC400 /* Lion PoolTests.xctest */ = {isa = PBXFileReference; explicitFileType = wrapper.cfbundle; includeInIndex = 0; path = "Lion PoolTests.xctest"; sourceTree = BUILT_PRODUCTS_DIR; };
		75109A5E285BB7D100CAC400 /* Lion_PoolTests.swift */ = {isa = PBXFileReference; lastKnownFileType = sourcecode.swift; path = Lion_PoolTests.swift; sourceTree = "<group>"; };
		75109A64285BB7D100CAC400 /* Lion PoolUITests.xctest */ = {isa = PBXFileReference; explicitFileType = wrapper.cfbundle; includeInIndex = 0; path = "Lion PoolUITests.xctest"; sourceTree = BUILT_PRODUCTS_DIR; };
		75109A68285BB7D100CAC400 /* Lion_PoolUITests.swift */ = {isa = PBXFileReference; lastKnownFileType = sourcecode.swift; path = Lion_PoolUITests.swift; sourceTree = "<group>"; };
		75109A6A285BB7D100CAC400 /* Lion_PoolUITestsLaunchTests.swift */ = {isa = PBXFileReference; lastKnownFileType = sourcecode.swift; path = Lion_PoolUITestsLaunchTests.swift; sourceTree = "<group>"; };
		75109A81285BB85900CAC400 /* FlightView.swift */ = {isa = PBXFileReference; lastKnownFileType = sourcecode.swift; path = FlightView.swift; sourceTree = "<group>"; };
		75109A82285BB85900CAC400 /* ImagePicker.swift */ = {isa = PBXFileReference; lastKnownFileType = sourcecode.swift; path = ImagePicker.swift; sourceTree = "<group>"; };
		75109A85285BB85900CAC400 /* StartScreenView.swift */ = {isa = PBXFileReference; lastKnownFileType = sourcecode.swift; path = StartScreenView.swift; sourceTree = "<group>"; };
		75109A96285BB85A00CAC400 /* AddFlightView.swift */ = {isa = PBXFileReference; lastKnownFileType = sourcecode.swift; path = AddFlightView.swift; sourceTree = "<group>"; };
		75109A97285BB85A00CAC400 /* ScheduledRidesView.swift */ = {isa = PBXFileReference; lastKnownFileType = sourcecode.swift; path = ScheduledRidesView.swift; sourceTree = "<group>"; };
		75109A98285BB85A00CAC400 /* FlightListView.swift */ = {isa = PBXFileReference; lastKnownFileType = sourcecode.swift; path = FlightListView.swift; sourceTree = "<group>"; };
		751110102A95AB0E000EDC4D /* SettingView.swift */ = {isa = PBXFileReference; lastKnownFileType = sourcecode.swift; name = SettingView.swift; path = "../../Library/Developer/Xcode/DerivedData/Lion_Pool-dsflartghyhrhfdmedrcixagnynx/SourcePackages/checkouts/swift-protobuf/SettingView.swift"; sourceTree = "<group>"; };
		751110122A95AB36000EDC4D /* SettingsView.swift */ = {isa = PBXFileReference; lastKnownFileType = sourcecode.swift; path = SettingsView.swift; sourceTree = "<group>"; };
		75111D882A761C1F0064F990 /* TimeUtils.swift */ = {isa = PBXFileReference; lastKnownFileType = sourcecode.swift; path = TimeUtils.swift; sourceTree = "<group>"; };
		751507682A84B01900B0031B /* Lion-Pool-Info.plist */ = {isa = PBXFileReference; lastKnownFileType = text.plist.xml; path = "Lion-Pool-Info.plist"; sourceTree = "<group>"; };
		751A4AED2A954781001CAE22 /* ChoiceView.swift */ = {isa = PBXFileReference; lastKnownFileType = sourcecode.swift; path = ChoiceView.swift; sourceTree = "<group>"; };
		751C34EE2A6CF08200F6783C /* GoogleService-Info.plist */ = {isa = PBXFileReference; fileEncoding = 4; lastKnownFileType = text.plist.xml; path = "GoogleService-Info.plist"; sourceTree = "<group>"; };
		751C34F72A6DEDE800F6783C /* FlightDetailView.swift */ = {isa = PBXFileReference; lastKnownFileType = sourcecode.swift; path = FlightDetailView.swift; sourceTree = "<group>"; };
		752B07342A968B53005208BB /* Lion Pool.entitlements */ = {isa = PBXFileReference; lastKnownFileType = text.plist.entitlements; path = "Lion Pool.entitlements"; sourceTree = "<group>"; };
		752B07352A96B6DD005208BB /* InstagramModel.swift */ = {isa = PBXFileReference; lastKnownFileType = sourcecode.swift; path = InstagramModel.swift; sourceTree = "<group>"; };
		752DC02B2A8497840054F7AD /* NewFlightDetailView.swift */ = {isa = PBXFileReference; lastKnownFileType = sourcecode.swift; path = NewFlightDetailView.swift; sourceTree = "<group>"; };
		752F996F2A57B4580036ECEE /* InputView.swift */ = {isa = PBXFileReference; lastKnownFileType = sourcecode.swift; path = InputView.swift; sourceTree = "<group>"; };
		752F99732A57B76E0036ECEE /* LoginView.swift */ = {isa = PBXFileReference; lastKnownFileType = sourcecode.swift; path = LoginView.swift; sourceTree = "<group>"; };
		752F99752A57B7D40036ECEE /* Logo.swift */ = {isa = PBXFileReference; lastKnownFileType = sourcecode.swift; path = Logo.swift; sourceTree = "<group>"; };
		752F99772A57C8100036ECEE /* RegistrationView.swift */ = {isa = PBXFileReference; lastKnownFileType = sourcecode.swift; path = RegistrationView.swift; sourceTree = "<group>"; };
		752F99792A57CDBE0036ECEE /* User.swift */ = {isa = PBXFileReference; lastKnownFileType = sourcecode.swift; path = User.swift; sourceTree = "<group>"; };
		752F99802A57D24B0036ECEE /* UserModel.swift */ = {isa = PBXFileReference; lastKnownFileType = sourcecode.swift; path = UserModel.swift; sourceTree = "<group>"; };
		7537511D2A57E43700B02528 /* HomeView.swift */ = {isa = PBXFileReference; lastKnownFileType = sourcecode.swift; path = HomeView.swift; sourceTree = "<group>"; };
		753F946C2A8DE4980008F0A1 /* FlightDetailTicket.swift */ = {isa = PBXFileReference; lastKnownFileType = sourcecode.swift; path = FlightDetailTicket.swift; sourceTree = "<group>"; };
		754AD3FC2A59363100F78013 /* Flight.swift */ = {isa = PBXFileReference; lastKnownFileType = sourcecode.swift; path = Flight.swift; sourceTree = "<group>"; };
		75596AC22A79694600C6C819 /* ConfirmFlight.swift */ = {isa = PBXFileReference; lastKnownFileType = sourcecode.swift; path = ConfirmFlight.swift; sourceTree = "<group>"; };
		75596AC42A7969FB00C6C819 /* NotificationView.swift */ = {isa = PBXFileReference; lastKnownFileType = sourcecode.swift; path = NotificationView.swift; sourceTree = "<group>"; };
		755A28AA2A7A33CA00B4C9B7 /* MatchModel.swift */ = {isa = PBXFileReference; lastKnownFileType = sourcecode.swift; path = MatchModel.swift; sourceTree = "<group>"; };
		755A28AC2A7A33D900B4C9B7 /* RequestModel.swift */ = {isa = PBXFileReference; lastKnownFileType = sourcecode.swift; path = RequestModel.swift; sourceTree = "<group>"; };
		755A28AE2A7A33E900B4C9B7 /* FlightModel.swift */ = {isa = PBXFileReference; lastKnownFileType = sourcecode.swift; path = FlightModel.swift; sourceTree = "<group>"; };
		756FFCAC2A85A5230080DF90 /* DECTERM.ttf */ = {isa = PBXFileReference; lastKnownFileType = file; path = DECTERM.ttf; sourceTree = "<group>"; };
		75731D382A75BC4A0001B01E /* Request.swift */ = {isa = PBXFileReference; lastKnownFileType = sourcecode.swift; path = Request.swift; sourceTree = "<group>"; };
		75731D3A2A75C7940001B01E /* ConfirmedMatchView.swift */ = {isa = PBXFileReference; lastKnownFileType = sourcecode.swift; path = ConfirmedMatchView.swift; sourceTree = "<group>"; };
		75731D3C2A75CD130001B01E /* ConfirmedMatchesListView.swift */ = {isa = PBXFileReference; lastKnownFileType = sourcecode.swift; path = ConfirmedMatchesListView.swift; sourceTree = "<group>"; };
		758137862A69DD8C00577409 /* CustomNavBarView.swift */ = {isa = PBXFileReference; lastKnownFileType = sourcecode.swift; path = CustomNavBarView.swift; sourceTree = "<group>"; };
		758137882A69E12D00577409 /* CustomNavBarContainerView.swift */ = {isa = PBXFileReference; lastKnownFileType = sourcecode.swift; path = CustomNavBarContainerView.swift; sourceTree = "<group>"; };
		7581378A2A69E30A00577409 /* AppNavBarView.swift */ = {isa = PBXFileReference; lastKnownFileType = sourcecode.swift; path = AppNavBarView.swift; sourceTree = "<group>"; };
		7581378C2A69E4A900577409 /* CustomNavView.swift */ = {isa = PBXFileReference; lastKnownFileType = sourcecode.swift; path = CustomNavView.swift; sourceTree = "<group>"; };
		7581378E2A69E73F00577409 /* CustomNavLink.swift */ = {isa = PBXFileReference; lastKnownFileType = sourcecode.swift; path = CustomNavLink.swift; sourceTree = "<group>"; };
		758137912A69EC2100577409 /* CustomNavBarPreferenceKeys.swift */ = {isa = PBXFileReference; lastKnownFileType = sourcecode.swift; path = CustomNavBarPreferenceKeys.swift; sourceTree = "<group>"; };
		758137992A6A2BA300577409 /* UserDataView.swift */ = {isa = PBXFileReference; lastKnownFileType = sourcecode.swift; path = UserDataView.swift; sourceTree = "<group>"; };
		75881F6B2A7C204E0067AFA5 /* imageUtils.swift */ = {isa = PBXFileReference; lastKnownFileType = sourcecode.swift; path = imageUtils.swift; sourceTree = "<group>"; };
		75881F6D2A7C4E900067AFA5 /* RequestView.swift */ = {isa = PBXFileReference; lastKnownFileType = sourcecode.swift; path = RequestView.swift; sourceTree = "<group>"; };
		75881F6F2A7C8E990067AFA5 /* ExpandedMatchView.swift */ = {isa = PBXFileReference; lastKnownFileType = sourcecode.swift; path = ExpandedMatchView.swift; sourceTree = "<group>"; };
		758B6CCF2A94447E0065B67B /* ChooseImageMedium.swift */ = {isa = PBXFileReference; lastKnownFileType = sourcecode.swift; path = ChooseImageMedium.swift; sourceTree = "<group>"; };
		758DF8F92A8F1EB00002BFF2 /* InstagramView.swift */ = {isa = PBXFileReference; lastKnownFileType = sourcecode.swift; path = InstagramView.swift; sourceTree = "<group>"; };
		758DF9012A8F35440002BFF2 /* InstagramWebView.swift */ = {isa = PBXFileReference; lastKnownFileType = sourcecode.swift; path = InstagramWebView.swift; sourceTree = "<group>"; };
		758DF9032A8F367D0002BFF2 /* FakeView.swift */ = {isa = PBXFileReference; lastKnownFileType = sourcecode.swift; path = FakeView.swift; sourceTree = "<group>"; };
		75985C562A8D9EB400103AA1 /* ChicagoFLF.ttf */ = {isa = PBXFileReference; lastKnownFileType = file; path = ChicagoFLF.ttf; sourceTree = "<group>"; };
		75985C582A8DB65A00103AA1 /* Checklist.swift */ = {isa = PBXFileReference; lastKnownFileType = sourcecode.swift; path = Checklist.swift; sourceTree = "<group>"; };
		75985C5A2A8DD39D00103AA1 /* ConfirmChoiceView.swift */ = {isa = PBXFileReference; lastKnownFileType = sourcecode.swift; name = ConfirmChoiceView.swift; path = "Lion Pool/ViewModel/ConfirmChoiceView.swift"; sourceTree = SOURCE_ROOT; };
		759A00852A7B1C5C002BE671 /* CardView.swift */ = {isa = PBXFileReference; lastKnownFileType = sourcecode.swift; path = CardView.swift; sourceTree = "<group>"; };
		759B43CF2A7230CA0050D2C4 /* FindingMatchView.swift */ = {isa = PBXFileReference; lastKnownFileType = sourcecode.swift; path = FindingMatchView.swift; sourceTree = "<group>"; };
		759B43D12A72EB0E0050D2C4 /* NoMatchView.swift */ = {isa = PBXFileReference; lastKnownFileType = sourcecode.swift; path = NoMatchView.swift; sourceTree = "<group>"; };
		75A05E752A586C3D002ABE9C /* ContentView.swift */ = {isa = PBXFileReference; lastKnownFileType = sourcecode.swift; path = ContentView.swift; sourceTree = "<group>"; };
		75A05E792A5896D0002ABE9C /* ProfileView.swift */ = {isa = PBXFileReference; lastKnownFileType = sourcecode.swift; path = ProfileView.swift; sourceTree = "<group>"; };
		75A5DBE42A9814AE00BAF8FA /* AuthViewModel.swift */ = {isa = PBXFileReference; lastKnownFileType = sourcecode.swift; path = AuthViewModel.swift; sourceTree = "<group>"; };
		75D7FDCA2A704BBC00779DA5 /* Matches.swift */ = {isa = PBXFileReference; lastKnownFileType = sourcecode.swift; path = Matches.swift; sourceTree = "<group>"; };
		75D7FDCF2A70CB5700779DA5 /* MatchesListView.swift */ = {isa = PBXFileReference; lastKnownFileType = sourcecode.swift; path = MatchesListView.swift; sourceTree = "<group>"; };
		75D7FDD12A70CE7C00779DA5 /* FlightMatch.swift */ = {isa = PBXFileReference; lastKnownFileType = sourcecode.swift; path = FlightMatch.swift; sourceTree = "<group>"; };
		75EE9C712A94369B000F6896 /* HalfScreenView.swift */ = {isa = PBXFileReference; lastKnownFileType = sourcecode.swift; path = HalfScreenView.swift; sourceTree = "<group>"; };
/* End PBXFileReference section */

/* Begin PBXFrameworksBuildPhase section */
		75109A47285BB7CE00CAC400 /* Frameworks */ = {
			isa = PBXFrameworksBuildPhase;
			buildActionMask = 2147483647;
			files = (
				758DF8EE2A8F0B400002BFF2 /* FacebookBasics in Frameworks */,
				758DF8EC2A8F0B400002BFF2 /* FacebookAEM in Frameworks */,
				759557712A58DD8900571AD0 /* FirebaseDatabaseSwift in Frameworks */,
				75A05E842A58C72D002ABE9C /* iPhoneNumberField in Frameworks */,
				7595576D2A58DD8900571AD0 /* FirebaseAuthCombine-Community in Frameworks */,
				758DF8F22A8F0B400002BFF2 /* FacebookLogin in Frameworks */,
				759557752A58DD8900571AD0 /* FirebaseFirestoreSwift in Frameworks */,
				7595576F2A58DD8900571AD0 /* FirebaseDatabase in Frameworks */,
				751C34F22A6CF11E00F6783C /* GoogleSignIn in Frameworks */,
				759557772A58DD8900571AD0 /* FirebaseStorage in Frameworks */,
				758DF8F42A8F0B400002BFF2 /* FacebookShare in Frameworks */,
				758DF8F02A8F0B400002BFF2 /* FacebookCore in Frameworks */,
				7595576B2A58DD8900571AD0 /* FirebaseAuth in Frameworks */,
				758B6CCE2A9441500065B67B /* PartialSheet in Frameworks */,
				759557792A58DD8900571AD0 /* FirebaseStorageCombine-Community in Frameworks */,
				759557732A58DD8900571AD0 /* FirebaseFirestore in Frameworks */,
				751C34F42A6CF11E00F6783C /* GoogleSignInSwift in Frameworks */,
			);
			runOnlyForDeploymentPostprocessing = 0;
		};
		75109A57285BB7D100CAC400 /* Frameworks */ = {
			isa = PBXFrameworksBuildPhase;
			buildActionMask = 2147483647;
			files = (
			);
			runOnlyForDeploymentPostprocessing = 0;
		};
		75109A61285BB7D100CAC400 /* Frameworks */ = {
			isa = PBXFrameworksBuildPhase;
			buildActionMask = 2147483647;
			files = (
			);
			runOnlyForDeploymentPostprocessing = 0;
		};
/* End PBXFrameworksBuildPhase section */

/* Begin PBXGroup section */
		75109A41285BB7CE00CAC400 = {
			isa = PBXGroup;
			children = (
				751110122A95AB36000EDC4D /* SettingsView.swift */,
				751110102A95AB0E000EDC4D /* SettingView.swift */,
				751A4AED2A954781001CAE22 /* ChoiceView.swift */,
				758DF9012A8F35440002BFF2 /* InstagramWebView.swift */,
				75EE9C712A94369B000F6896 /* HalfScreenView.swift */,
				758DF9032A8F367D0002BFF2 /* FakeView.swift */,
				751507682A84B01900B0031B /* Lion-Pool-Info.plist */,
				75109A4C285BB7CE00CAC400 /* Lion Pool */,
				75109A5D285BB7D100CAC400 /* Lion PoolTests */,
				75109A67285BB7D100CAC400 /* Lion PoolUITests */,
				75109A4B285BB7CE00CAC400 /* Products */,
			);
			sourceTree = "<group>";
		};
		75109A4B285BB7CE00CAC400 /* Products */ = {
			isa = PBXGroup;
			children = (
				75109A4A285BB7CE00CAC400 /* Lion Pool.app */,
				75109A5A285BB7D100CAC400 /* Lion PoolTests.xctest */,
				75109A64285BB7D100CAC400 /* Lion PoolUITests.xctest */,
			);
			name = Products;
			sourceTree = "<group>";
		};
		75109A4C285BB7CE00CAC400 /* Lion Pool */ = {
			isa = PBXGroup;
			children = (
				752B07342A968B53005208BB /* Lion Pool.entitlements */,
				756FFCAC2A85A5230080DF90 /* DECTERM.ttf */,
				75985C562A8D9EB400103AA1 /* ChicagoFLF.ttf */,
				752DC02B2A8497840054F7AD /* NewFlightDetailView.swift */,
				753F946C2A8DE4980008F0A1 /* FlightDetailTicket.swift */,
				75985C582A8DB65A00103AA1 /* Checklist.swift */,
				751C34EE2A6CF08200F6783C /* GoogleService-Info.plist */,
				75A05E752A586C3D002ABE9C /* ContentView.swift */,
				758DF8F92A8F1EB00002BFF2 /* InstagramView.swift */,
				75109A4D285BB7CE00CAC400 /* Lion_PoolApp.swift */,
				75109A95285BB85A00CAC400 /* Views */,
				75B46D1C2A84AB81002EE5D2 /* Utils */,
				758E03832A74FDAB00FC7EF6 /* ViewModel */,
				758E03822A74FD8500FC7EF6 /* Structs */,
				75109A79285BB85900CAC400 /* Reusable Components */,
				75109A51285BB7D100CAC400 /* Assets.xcassets */,
				75B46D1B2A84AB3D002EE5D2 /* Resources */,
				75109A53285BB7D100CAC400 /* Preview Content */,
			);
			path = "Lion Pool";
			sourceTree = "<group>";
		};
		75109A53285BB7D100CAC400 /* Preview Content */ = {
			isa = PBXGroup;
			children = (
				75109A54285BB7D100CAC400 /* Preview Assets.xcassets */,
			);
			path = "Preview Content";
			sourceTree = "<group>";
		};
		75109A5D285BB7D100CAC400 /* Lion PoolTests */ = {
			isa = PBXGroup;
			children = (
				75109A5E285BB7D100CAC400 /* Lion_PoolTests.swift */,
			);
			path = "Lion PoolTests";
			sourceTree = "<group>";
		};
		75109A67285BB7D100CAC400 /* Lion PoolUITests */ = {
			isa = PBXGroup;
			children = (
				75109A68285BB7D100CAC400 /* Lion_PoolUITests.swift */,
				75109A6A285BB7D100CAC400 /* Lion_PoolUITestsLaunchTests.swift */,
			);
			path = "Lion PoolUITests";
			sourceTree = "<group>";
		};
		75109A79285BB85900CAC400 /* Reusable Components */ = {
			isa = PBXGroup;
			children = (
				752F99752A57B7D40036ECEE /* Logo.swift */,
				758137902A69EB8F00577409 /* Custom Nav Bar */,
				75109A82285BB85900CAC400 /* ImagePicker.swift */,
				752F996F2A57B4580036ECEE /* InputView.swift */,
				758137992A6A2BA300577409 /* UserDataView.swift */,
			);
			path = "Reusable Components";
			sourceTree = "<group>";
		};
		75109A83285BB85900CAC400 /* Start */ = {
			isa = PBXGroup;
			children = (
				75109A85285BB85900CAC400 /* StartScreenView.swift */,
				752F99732A57B76E0036ECEE /* LoginView.swift */,
				752F99772A57C8100036ECEE /* RegistrationView.swift */,
			);
			path = Start;
			sourceTree = "<group>";
		};
		75109A95285BB85A00CAC400 /* Views */ = {
			isa = PBXGroup;
			children = (
				75985C5A2A8DD39D00103AA1 /* ConfirmChoiceView.swift */,
				759A00852A7B1C5C002BE671 /* CardView.swift */,
				75881F722A7D99BE0067AFA5 /* Individual View */,
				75109A83285BB85900CAC400 /* Start */,
				75B46D1F2A84AC28002EE5D2 /* Home */,
				758E03872A74FEBA00FC7EF6 /* Matches */,
				758E03882A74FF3300FC7EF6 /* Upcoming Flights */,
				758E03862A74FE9700FC7EF6 /* Add Flight */,
			);
			path = Views;
			sourceTree = "<group>";
		};
		758137902A69EB8F00577409 /* Custom Nav Bar */ = {
			isa = PBXGroup;
			children = (
				7581378A2A69E30A00577409 /* AppNavBarView.swift */,
				7581378E2A69E73F00577409 /* CustomNavLink.swift */,
				7581378C2A69E4A900577409 /* CustomNavView.swift */,
				758137882A69E12D00577409 /* CustomNavBarContainerView.swift */,
				758137912A69EC2100577409 /* CustomNavBarPreferenceKeys.swift */,
				758137862A69DD8C00577409 /* CustomNavBarView.swift */,
			);
			path = "Custom Nav Bar";
			sourceTree = "<group>";
		};
		75881F722A7D99BE0067AFA5 /* Individual View */ = {
			isa = PBXGroup;
			children = (
				75881F6D2A7C4E900067AFA5 /* RequestView.swift */,
				75596AC42A7969FB00C6C819 /* NotificationView.swift */,
				75109A81285BB85900CAC400 /* FlightView.swift */,
			);
			path = "Individual View";
			sourceTree = "<group>";
		};
		758E03822A74FD8500FC7EF6 /* Structs */ = {
			isa = PBXGroup;
			children = (
				75D7FDCA2A704BBC00779DA5 /* Matches.swift */,
				75731D382A75BC4A0001B01E /* Request.swift */,
				754AD3FC2A59363100F78013 /* Flight.swift */,
				752F99792A57CDBE0036ECEE /* User.swift */,
			);
			path = Structs;
			sourceTree = "<group>";
		};
		758E03832A74FDAB00FC7EF6 /* ViewModel */ = {
			isa = PBXGroup;
			children = (
				752B07352A96B6DD005208BB /* InstagramModel.swift */,
				752F99802A57D24B0036ECEE /* UserModel.swift */,
				75A5DBE42A9814AE00BAF8FA /* AuthViewModel.swift */,
				755A28AA2A7A33CA00B4C9B7 /* MatchModel.swift */,
				755A28AC2A7A33D900B4C9B7 /* RequestModel.swift */,
				755A28AE2A7A33E900B4C9B7 /* FlightModel.swift */,
			);
			path = ViewModel;
			sourceTree = "<group>";
		};
		758E03862A74FE9700FC7EF6 /* Add Flight */ = {
			isa = PBXGroup;
			children = (
				75596AC22A79694600C6C819 /* ConfirmFlight.swift */,
				75109A96285BB85A00CAC400 /* AddFlightView.swift */,
			);
			path = "Add Flight";
			sourceTree = "<group>";
		};
		758E03872A74FEBA00FC7EF6 /* Matches */ = {
			isa = PBXGroup;
			children = (
				759B43CF2A7230CA0050D2C4 /* FindingMatchView.swift */,
				75D7FDCF2A70CB5700779DA5 /* MatchesListView.swift */,
				759B43D12A72EB0E0050D2C4 /* NoMatchView.swift */,
				75D7FDD12A70CE7C00779DA5 /* FlightMatch.swift */,
				75731D3A2A75C7940001B01E /* ConfirmedMatchView.swift */,
				75881F6F2A7C8E990067AFA5 /* ExpandedMatchView.swift */,
			);
			path = Matches;
			sourceTree = "<group>";
		};
		758E03882A74FF3300FC7EF6 /* Upcoming Flights */ = {
			isa = PBXGroup;
			children = (
				751C34F72A6DEDE800F6783C /* FlightDetailView.swift */,
			);
			path = "Upcoming Flights";
			sourceTree = "<group>";
		};
		75B46D1B2A84AB3D002EE5D2 /* Resources */ = {
			isa = PBXGroup;
			children = (
			);
			path = Resources;
			sourceTree = "<group>";
		};
		75B46D1C2A84AB81002EE5D2 /* Utils */ = {
			isa = PBXGroup;
			children = (
				75111D882A761C1F0064F990 /* TimeUtils.swift */,
				75881F6B2A7C204E0067AFA5 /* imageUtils.swift */,
			);
			path = Utils;
			sourceTree = "<group>";
		};
		75B46D1F2A84AC28002EE5D2 /* Home */ = {
			isa = PBXGroup;
			children = (
				7537511D2A57E43700B02528 /* HomeView.swift */,
				75A05E792A5896D0002ABE9C /* ProfileView.swift */,
				758B6CCF2A94447E0065B67B /* ChooseImageMedium.swift */,
				75109A97285BB85A00CAC400 /* ScheduledRidesView.swift */,
				75731D3C2A75CD130001B01E /* ConfirmedMatchesListView.swift */,
				75109A98285BB85A00CAC400 /* FlightListView.swift */,
			);
			path = Home;
			sourceTree = "<group>";
		};
/* End PBXGroup section */

/* Begin PBXNativeTarget section */
		75109A49285BB7CE00CAC400 /* Lion Pool */ = {
			isa = PBXNativeTarget;
			buildConfigurationList = 75109A6E285BB7D100CAC400 /* Build configuration list for PBXNativeTarget "Lion Pool" */;
			buildPhases = (
				75109A46285BB7CE00CAC400 /* Sources */,
				75109A47285BB7CE00CAC400 /* Frameworks */,
				75109A48285BB7CE00CAC400 /* Resources */,
			);
			buildRules = (
			);
			dependencies = (
			);
			name = "Lion Pool";
			packageProductDependencies = (
				75A05E832A58C72D002ABE9C /* iPhoneNumberField */,
				7595576A2A58DD8900571AD0 /* FirebaseAuth */,
				7595576C2A58DD8900571AD0 /* FirebaseAuthCombine-Community */,
				7595576E2A58DD8900571AD0 /* FirebaseDatabase */,
				759557702A58DD8900571AD0 /* FirebaseDatabaseSwift */,
				759557722A58DD8900571AD0 /* FirebaseFirestore */,
				759557742A58DD8900571AD0 /* FirebaseFirestoreSwift */,
				759557762A58DD8900571AD0 /* FirebaseStorage */,
				759557782A58DD8900571AD0 /* FirebaseStorageCombine-Community */,
				751C34F12A6CF11E00F6783C /* GoogleSignIn */,
				751C34F32A6CF11E00F6783C /* GoogleSignInSwift */,
				758DF8EB2A8F0B400002BFF2 /* FacebookAEM */,
				758DF8ED2A8F0B400002BFF2 /* FacebookBasics */,
				758DF8EF2A8F0B400002BFF2 /* FacebookCore */,
				758DF8F12A8F0B400002BFF2 /* FacebookLogin */,
				758DF8F32A8F0B400002BFF2 /* FacebookShare */,
				758B6CCD2A9441500065B67B /* PartialSheet */,
			);
			productName = "Lion Pool";
			productReference = 75109A4A285BB7CE00CAC400 /* Lion Pool.app */;
			productType = "com.apple.product-type.application";
		};
		75109A59285BB7D100CAC400 /* Lion PoolTests */ = {
			isa = PBXNativeTarget;
			buildConfigurationList = 75109A71285BB7D100CAC400 /* Build configuration list for PBXNativeTarget "Lion PoolTests" */;
			buildPhases = (
				75109A56285BB7D100CAC400 /* Sources */,
				75109A57285BB7D100CAC400 /* Frameworks */,
				75109A58285BB7D100CAC400 /* Resources */,
			);
			buildRules = (
			);
			dependencies = (
				75109A5C285BB7D100CAC400 /* PBXTargetDependency */,
			);
			name = "Lion PoolTests";
			productName = "Lion PoolTests";
			productReference = 75109A5A285BB7D100CAC400 /* Lion PoolTests.xctest */;
			productType = "com.apple.product-type.bundle.unit-test";
		};
		75109A63285BB7D100CAC400 /* Lion PoolUITests */ = {
			isa = PBXNativeTarget;
			buildConfigurationList = 75109A74285BB7D100CAC400 /* Build configuration list for PBXNativeTarget "Lion PoolUITests" */;
			buildPhases = (
				75109A60285BB7D100CAC400 /* Sources */,
				75109A61285BB7D100CAC400 /* Frameworks */,
				75109A62285BB7D100CAC400 /* Resources */,
			);
			buildRules = (
			);
			dependencies = (
				75109A66285BB7D100CAC400 /* PBXTargetDependency */,
			);
			name = "Lion PoolUITests";
			productName = "Lion PoolUITests";
			productReference = 75109A64285BB7D100CAC400 /* Lion PoolUITests.xctest */;
			productType = "com.apple.product-type.bundle.ui-testing";
		};
/* End PBXNativeTarget section */

/* Begin PBXProject section */
		75109A42285BB7CE00CAC400 /* Project object */ = {
			isa = PBXProject;
			attributes = {
				BuildIndependentTargetsInParallel = 1;
				LastSwiftUpdateCheck = 1340;
				LastUpgradeCheck = 1340;
				TargetAttributes = {
					75109A49285BB7CE00CAC400 = {
						CreatedOnToolsVersion = 13.4.1;
					};
					75109A59285BB7D100CAC400 = {
						CreatedOnToolsVersion = 13.4.1;
						TestTargetID = 75109A49285BB7CE00CAC400;
					};
					75109A63285BB7D100CAC400 = {
						CreatedOnToolsVersion = 13.4.1;
						TestTargetID = 75109A49285BB7CE00CAC400;
					};
				};
			};
			buildConfigurationList = 75109A45285BB7CE00CAC400 /* Build configuration list for PBXProject "Lion Pool" */;
			compatibilityVersion = "Xcode 13.0";
			developmentRegion = en;
			hasScannedForEncodings = 0;
			knownRegions = (
				en,
				Base,
			);
			mainGroup = 75109A41285BB7CE00CAC400;
			packageReferences = (
				75A05E822A58C72D002ABE9C /* XCRemoteSwiftPackageReference "iPhoneNumberField" */,
				759557692A58DD8900571AD0 /* XCRemoteSwiftPackageReference "firebase-ios-sdk" */,
				751C34F02A6CF11E00F6783C /* XCRemoteSwiftPackageReference "GoogleSignIn-iOS" */,
				758DF8EA2A8F0B400002BFF2 /* XCRemoteSwiftPackageReference "facebook-ios-sdk" */,
				758B6CCC2A9441500065B67B /* XCRemoteSwiftPackageReference "PartialSheet" */,
			);
			productRefGroup = 75109A4B285BB7CE00CAC400 /* Products */;
			projectDirPath = "";
			projectRoot = "";
			targets = (
				75109A49285BB7CE00CAC400 /* Lion Pool */,
				75109A59285BB7D100CAC400 /* Lion PoolTests */,
				75109A63285BB7D100CAC400 /* Lion PoolUITests */,
			);
		};
/* End PBXProject section */

/* Begin PBXResourcesBuildPhase section */
		75109A48285BB7CE00CAC400 /* Resources */ = {
			isa = PBXResourcesBuildPhase;
			buildActionMask = 2147483647;
			files = (
				751507692A84B01900B0031B /* Lion-Pool-Info.plist in Resources */,
				75985C572A8D9EBC00103AA1 /* ChicagoFLF.ttf in Resources */,
				751C34EF2A6CF08200F6783C /* GoogleService-Info.plist in Resources */,
				75109A52285BB7D100CAC400 /* Assets.xcassets in Resources */,
				75109A55285BB7D100CAC400 /* Preview Assets.xcassets in Resources */,
				756FFCAD2A85A5230080DF90 /* DECTERM.ttf in Resources */,
			);
			runOnlyForDeploymentPostprocessing = 0;
		};
		75109A58285BB7D100CAC400 /* Resources */ = {
			isa = PBXResourcesBuildPhase;
			buildActionMask = 2147483647;
			files = (
			);
			runOnlyForDeploymentPostprocessing = 0;
		};
		75109A62285BB7D100CAC400 /* Resources */ = {
			isa = PBXResourcesBuildPhase;
			buildActionMask = 2147483647;
			files = (
			);
			runOnlyForDeploymentPostprocessing = 0;
		};
/* End PBXResourcesBuildPhase section */

/* Begin PBXSourcesBuildPhase section */
		75109A46285BB7CE00CAC400 /* Sources */ = {
			isa = PBXSourcesBuildPhase;
			buildActionMask = 2147483647;
			files = (
				752F99702A57B4580036ECEE /* InputView.swift in Sources */,
				75D7FDD22A70CE7C00779DA5 /* FlightMatch.swift in Sources */,
				75985C5B2A8DD39D00103AA1 /* ConfirmChoiceView.swift in Sources */,
				752DC02C2A8497840054F7AD /* NewFlightDetailView.swift in Sources */,
				758DF9022A8F35440002BFF2 /* InstagramWebView.swift in Sources */,
				752F99782A57C8100036ECEE /* RegistrationView.swift in Sources */,
				758DF9042A8F367D0002BFF2 /* FakeView.swift in Sources */,
				751C34F82A6DEDE800F6783C /* FlightDetailView.swift in Sources */,
				75731D392A75BC4A0001B01E /* Request.swift in Sources */,
				75596AC32A79694600C6C819 /* ConfirmFlight.swift in Sources */,
				751110132A95AB36000EDC4D /* SettingsView.swift in Sources */,
				75A05E762A586C3D002ABE9C /* ContentView.swift in Sources */,
				758B6CD02A94447E0065B67B /* ChooseImageMedium.swift in Sources */,
				75D7FDCB2A704BBC00779DA5 /* Matches.swift in Sources */,
				75109A4E285BB7CE00CAC400 /* Lion_PoolApp.swift in Sources */,
				7581378D2A69E4A900577409 /* CustomNavView.swift in Sources */,
				7536614D285BBC080077C02F /* FlightListView.swift in Sources */,
				753F946D2A8DE4980008F0A1 /* FlightDetailTicket.swift in Sources */,
				755A28AD2A7A33D900B4C9B7 /* RequestModel.swift in Sources */,
				759B43D22A72EB0E0050D2C4 /* NoMatchView.swift in Sources */,
				7537511E2A57E43700B02528 /* HomeView.swift in Sources */,
				75881F6E2A7C4E900067AFA5 /* RequestView.swift in Sources */,
				752B07362A96B6DD005208BB /* InstagramModel.swift in Sources */,
				751110112A95AB0E000EDC4D /* SettingView.swift in Sources */,
				759A00862A7B1C5C002BE671 /* CardView.swift in Sources */,
				758137872A69DD8C00577409 /* CustomNavBarView.swift in Sources */,
				75D7FDD02A70CB5700779DA5 /* MatchesListView.swift in Sources */,
				75596AC52A7969FB00C6C819 /* NotificationView.swift in Sources */,
				75985C592A8DB65A00103AA1 /* Checklist.swift in Sources */,
				752F99762A57B7D40036ECEE /* Logo.swift in Sources */,
				751A4AEE2A954781001CAE22 /* ChoiceView.swift in Sources */,
				75366130285BBBF40077C02F /* FlightView.swift in Sources */,
				752F997A2A57CDBE0036ECEE /* User.swift in Sources */,
				755A28AF2A7A33E900B4C9B7 /* FlightModel.swift in Sources */,
				75731D3B2A75C7940001B01E /* ConfirmedMatchView.swift in Sources */,
				75A05E7A2A5896D0002ABE9C /* ProfileView.swift in Sources */,
				75731D3D2A75CD130001B01E /* ConfirmedMatchesListView.swift in Sources */,
				7581378B2A69E30A00577409 /* AppNavBarView.swift in Sources */,
				758137922A69EC2100577409 /* CustomNavBarPreferenceKeys.swift in Sources */,
				75366151285BBC080077C02F /* ScheduledRidesView.swift in Sources */,
				755A28AB2A7A33CA00B4C9B7 /* MatchModel.swift in Sources */,
				75366131285BBBF40077C02F /* ImagePicker.swift in Sources */,
				752F99812A57D24B0036ECEE /* UserModel.swift in Sources */,
				759B43D02A7230CA0050D2C4 /* FindingMatchView.swift in Sources */,
				75A5DBE52A9814AE00BAF8FA /* AuthViewModel.swift in Sources */,
				75881F702A7C8E990067AFA5 /* ExpandedMatchView.swift in Sources */,
				754AD3FD2A59363100F78013 /* Flight.swift in Sources */,
				758DF8FA2A8F1EB00002BFF2 /* InstagramView.swift in Sources */,
				75366145285BBBFC0077C02F /* StartScreenView.swift in Sources */,
				75881F6C2A7C204E0067AFA5 /* imageUtils.swift in Sources */,
				75111D892A761C1F0064F990 /* TimeUtils.swift in Sources */,
				7581379A2A6A2BA300577409 /* UserDataView.swift in Sources */,
				75EE9C722A94369B000F6896 /* HalfScreenView.swift in Sources */,
				758137892A69E12D00577409 /* CustomNavBarContainerView.swift in Sources */,
				7581378F2A69E73F00577409 /* CustomNavLink.swift in Sources */,
				752F99742A57B76E0036ECEE /* LoginView.swift in Sources */,
				75366150285BBC080077C02F /* AddFlightView.swift in Sources */,
			);
			runOnlyForDeploymentPostprocessing = 0;
		};
		75109A56285BB7D100CAC400 /* Sources */ = {
			isa = PBXSourcesBuildPhase;
			buildActionMask = 2147483647;
			files = (
				75366156285BBC090077C02F /* ScheduledRidesView.swift in Sources */,
				753751192A57DE1F00B02528 /* RegistrationView.swift in Sources */,
				757297222A57D68300B8EE3D /* Lion_PoolApp.swift in Sources */,
				75881F732A7D99C50067AFA5 /* FlightDetailView.swift in Sources */,
				75B46D1D2A84ABD4002EE5D2 /* ProfileView.swift in Sources */,
				75366152285BBC090077C02F /* FlightListView.swift in Sources */,
				75366139285BBBF50077C02F /* ImagePicker.swift in Sources */,
				75109A5F285BB7D100CAC400 /* Lion_PoolTests.swift in Sources */,
				7537511C2A57DE1F00B02528 /* LoginView.swift in Sources */,
				75366138285BBBF50077C02F /* FlightView.swift in Sources */,
				75366148285BBBFC0077C02F /* StartScreenView.swift in Sources */,
			);
			runOnlyForDeploymentPostprocessing = 0;
		};
		75109A60285BB7D100CAC400 /* Sources */ = {
			isa = PBXSourcesBuildPhase;
			buildActionMask = 2147483647;
			files = (
				75109A6B285BB7D100CAC400 /* Lion_PoolUITestsLaunchTests.swift in Sources */,
				75B46D1E2A84ABD4002EE5D2 /* ProfileView.swift in Sources */,
				75109A69285BB7D100CAC400 /* Lion_PoolUITests.swift in Sources */,
				7537511A2A57DE1F00B02528 /* RegistrationView.swift in Sources */,
				75366157285BBC090077C02F /* FlightListView.swift in Sources */,
				75881F742A7D99C50067AFA5 /* FlightDetailView.swift in Sources */,
				75366140285BBBF60077C02F /* FlightView.swift in Sources */,
				7536615B285BBC090077C02F /* ScheduledRidesView.swift in Sources */,
				75366141285BBBF60077C02F /* ImagePicker.swift in Sources */,
				7537511B2A57DE1F00B02528 /* LoginView.swift in Sources */,
				757297232A57D68400B8EE3D /* Lion_PoolApp.swift in Sources */,
				7536614B285BBBFD0077C02F /* StartScreenView.swift in Sources */,
			);
			runOnlyForDeploymentPostprocessing = 0;
		};
/* End PBXSourcesBuildPhase section */

/* Begin PBXTargetDependency section */
		75109A5C285BB7D100CAC400 /* PBXTargetDependency */ = {
			isa = PBXTargetDependency;
			target = 75109A49285BB7CE00CAC400 /* Lion Pool */;
			targetProxy = 75109A5B285BB7D100CAC400 /* PBXContainerItemProxy */;
		};
		75109A66285BB7D100CAC400 /* PBXTargetDependency */ = {
			isa = PBXTargetDependency;
			target = 75109A49285BB7CE00CAC400 /* Lion Pool */;
			targetProxy = 75109A65285BB7D100CAC400 /* PBXContainerItemProxy */;
		};
/* End PBXTargetDependency section */

/* Begin XCBuildConfiguration section */
		75109A6C285BB7D100CAC400 /* Debug */ = {
			isa = XCBuildConfiguration;
			buildSettings = {
				ALWAYS_SEARCH_USER_PATHS = NO;
				CLANG_ANALYZER_NONNULL = YES;
				CLANG_ANALYZER_NUMBER_OBJECT_CONVERSION = YES_AGGRESSIVE;
				CLANG_CXX_LANGUAGE_STANDARD = "gnu++17";
				CLANG_ENABLE_MODULES = YES;
				CLANG_ENABLE_OBJC_ARC = YES;
				CLANG_ENABLE_OBJC_WEAK = YES;
				CLANG_WARN_BLOCK_CAPTURE_AUTORELEASING = YES;
				CLANG_WARN_BOOL_CONVERSION = YES;
				CLANG_WARN_COMMA = YES;
				CLANG_WARN_CONSTANT_CONVERSION = YES;
				CLANG_WARN_DEPRECATED_OBJC_IMPLEMENTATIONS = YES;
				CLANG_WARN_DIRECT_OBJC_ISA_USAGE = YES_ERROR;
				CLANG_WARN_DOCUMENTATION_COMMENTS = YES;
				CLANG_WARN_EMPTY_BODY = YES;
				CLANG_WARN_ENUM_CONVERSION = YES;
				CLANG_WARN_INFINITE_RECURSION = YES;
				CLANG_WARN_INT_CONVERSION = YES;
				CLANG_WARN_NON_LITERAL_NULL_CONVERSION = YES;
				CLANG_WARN_OBJC_IMPLICIT_RETAIN_SELF = YES;
				CLANG_WARN_OBJC_LITERAL_CONVERSION = YES;
				CLANG_WARN_OBJC_ROOT_CLASS = YES_ERROR;
				CLANG_WARN_QUOTED_INCLUDE_IN_FRAMEWORK_HEADER = YES;
				CLANG_WARN_RANGE_LOOP_ANALYSIS = YES;
				CLANG_WARN_STRICT_PROTOTYPES = YES;
				CLANG_WARN_SUSPICIOUS_MOVE = YES;
				CLANG_WARN_UNGUARDED_AVAILABILITY = YES_AGGRESSIVE;
				CLANG_WARN_UNREACHABLE_CODE = YES;
				CLANG_WARN__DUPLICATE_METHOD_MATCH = YES;
				COPY_PHASE_STRIP = NO;
				DEBUG_INFORMATION_FORMAT = dwarf;
				ENABLE_STRICT_OBJC_MSGSEND = YES;
				ENABLE_TESTABILITY = YES;
				GCC_C_LANGUAGE_STANDARD = gnu11;
				GCC_DYNAMIC_NO_PIC = NO;
				GCC_NO_COMMON_BLOCKS = YES;
				GCC_OPTIMIZATION_LEVEL = 0;
				GCC_PREPROCESSOR_DEFINITIONS = (
					"DEBUG=1",
					"$(inherited)",
				);
				GCC_WARN_64_TO_32_BIT_CONVERSION = YES;
				GCC_WARN_ABOUT_RETURN_TYPE = YES_ERROR;
				GCC_WARN_UNDECLARED_SELECTOR = YES;
				GCC_WARN_UNINITIALIZED_AUTOS = YES_AGGRESSIVE;
				GCC_WARN_UNUSED_FUNCTION = YES;
				GCC_WARN_UNUSED_VARIABLE = YES;
				IPHONEOS_DEPLOYMENT_TARGET = 15.5;
				MTL_ENABLE_DEBUG_INFO = INCLUDE_SOURCE;
				MTL_FAST_MATH = YES;
				ONLY_ACTIVE_ARCH = YES;
				SDKROOT = iphoneos;
				SWIFT_ACTIVE_COMPILATION_CONDITIONS = DEBUG;
				SWIFT_OPTIMIZATION_LEVEL = "-Onone";
			};
			name = Debug;
		};
		75109A6D285BB7D100CAC400 /* Release */ = {
			isa = XCBuildConfiguration;
			buildSettings = {
				ALWAYS_SEARCH_USER_PATHS = NO;
				CLANG_ANALYZER_NONNULL = YES;
				CLANG_ANALYZER_NUMBER_OBJECT_CONVERSION = YES_AGGRESSIVE;
				CLANG_CXX_LANGUAGE_STANDARD = "gnu++17";
				CLANG_ENABLE_MODULES = YES;
				CLANG_ENABLE_OBJC_ARC = YES;
				CLANG_ENABLE_OBJC_WEAK = YES;
				CLANG_WARN_BLOCK_CAPTURE_AUTORELEASING = YES;
				CLANG_WARN_BOOL_CONVERSION = YES;
				CLANG_WARN_COMMA = YES;
				CLANG_WARN_CONSTANT_CONVERSION = YES;
				CLANG_WARN_DEPRECATED_OBJC_IMPLEMENTATIONS = YES;
				CLANG_WARN_DIRECT_OBJC_ISA_USAGE = YES_ERROR;
				CLANG_WARN_DOCUMENTATION_COMMENTS = YES;
				CLANG_WARN_EMPTY_BODY = YES;
				CLANG_WARN_ENUM_CONVERSION = YES;
				CLANG_WARN_INFINITE_RECURSION = YES;
				CLANG_WARN_INT_CONVERSION = YES;
				CLANG_WARN_NON_LITERAL_NULL_CONVERSION = YES;
				CLANG_WARN_OBJC_IMPLICIT_RETAIN_SELF = YES;
				CLANG_WARN_OBJC_LITERAL_CONVERSION = YES;
				CLANG_WARN_OBJC_ROOT_CLASS = YES_ERROR;
				CLANG_WARN_QUOTED_INCLUDE_IN_FRAMEWORK_HEADER = YES;
				CLANG_WARN_RANGE_LOOP_ANALYSIS = YES;
				CLANG_WARN_STRICT_PROTOTYPES = YES;
				CLANG_WARN_SUSPICIOUS_MOVE = YES;
				CLANG_WARN_UNGUARDED_AVAILABILITY = YES_AGGRESSIVE;
				CLANG_WARN_UNREACHABLE_CODE = YES;
				CLANG_WARN__DUPLICATE_METHOD_MATCH = YES;
				COPY_PHASE_STRIP = NO;
				DEBUG_INFORMATION_FORMAT = "dwarf-with-dsym";
				ENABLE_NS_ASSERTIONS = NO;
				ENABLE_STRICT_OBJC_MSGSEND = YES;
				GCC_C_LANGUAGE_STANDARD = gnu11;
				GCC_NO_COMMON_BLOCKS = YES;
				GCC_WARN_64_TO_32_BIT_CONVERSION = YES;
				GCC_WARN_ABOUT_RETURN_TYPE = YES_ERROR;
				GCC_WARN_UNDECLARED_SELECTOR = YES;
				GCC_WARN_UNINITIALIZED_AUTOS = YES_AGGRESSIVE;
				GCC_WARN_UNUSED_FUNCTION = YES;
				GCC_WARN_UNUSED_VARIABLE = YES;
				IPHONEOS_DEPLOYMENT_TARGET = 15.5;
				MTL_ENABLE_DEBUG_INFO = NO;
				MTL_FAST_MATH = YES;
				SDKROOT = iphoneos;
				SWIFT_COMPILATION_MODE = wholemodule;
				SWIFT_OPTIMIZATION_LEVEL = "-O";
				VALIDATE_PRODUCT = YES;
			};
			name = Release;
		};
		75109A6F285BB7D100CAC400 /* Debug */ = {
			isa = XCBuildConfiguration;
			buildSettings = {
				ASSETCATALOG_COMPILER_APPICON_NAME = AppIcon;
				ASSETCATALOG_COMPILER_GLOBAL_ACCENT_COLOR_NAME = AccentColor;
				CODE_SIGN_ENTITLEMENTS = "Lion Pool/Lion Pool.entitlements";
				CODE_SIGN_STYLE = Automatic;
				CURRENT_PROJECT_VERSION = 1;
				DEVELOPMENT_ASSET_PATHS = "\"Lion Pool/Preview Content\"";
				DEVELOPMENT_TEAM = 3FMGY5Z7S6;
				ENABLE_PREVIEWS = YES;
				FRAMEWORK_SEARCH_PATHS = (
					"$(inherited)",
					"$(PROJECT_DIR)/Lion\\ Pool",
				);
				GENERATE_INFOPLIST_FILE = YES;
				INFOPLIST_FILE = "Lion-Pool-Info.plist";
				INFOPLIST_KEY_UIApplicationSceneManifest_Generation = YES;
				INFOPLIST_KEY_UIApplicationSupportsIndirectInputEvents = YES;
				INFOPLIST_KEY_UILaunchScreen_Generation = YES;
				INFOPLIST_KEY_UISupportedInterfaceOrientations_iPad = "UIInterfaceOrientationPortrait UIInterfaceOrientationPortraitUpsideDown UIInterfaceOrientationLandscapeLeft UIInterfaceOrientationLandscapeRight";
				INFOPLIST_KEY_UISupportedInterfaceOrientations_iPhone = "UIInterfaceOrientationPortrait UIInterfaceOrientationLandscapeLeft UIInterfaceOrientationLandscapeRight";
				LD_RUNPATH_SEARCH_PATHS = (
					"$(inherited)",
					"@executable_path/Frameworks",
				);
				MARKETING_VERSION = 1.0;
				NEW_SETTING = "";
				NEW_SETTING1 = "";
				PRODUCT_BUNDLE_IDENTIFIER = "com.Lion-Pool";
				PRODUCT_NAME = "$(TARGET_NAME)";
				SWIFT_EMIT_LOC_STRINGS = YES;
				SWIFT_VERSION = 5.0;
				TARGETED_DEVICE_FAMILY = "1,2";
			};
			name = Debug;
		};
		75109A70285BB7D100CAC400 /* Release */ = {
			isa = XCBuildConfiguration;
			buildSettings = {
				ASSETCATALOG_COMPILER_APPICON_NAME = AppIcon;
				ASSETCATALOG_COMPILER_GLOBAL_ACCENT_COLOR_NAME = AccentColor;
				CODE_SIGN_ENTITLEMENTS = "Lion Pool/Lion Pool.entitlements";
				CODE_SIGN_STYLE = Automatic;
				CURRENT_PROJECT_VERSION = 1;
				DEVELOPMENT_ASSET_PATHS = "\"Lion Pool/Preview Content\"";
				DEVELOPMENT_TEAM = 3FMGY5Z7S6;
				ENABLE_PREVIEWS = YES;
				FRAMEWORK_SEARCH_PATHS = (
					"$(inherited)",
					"$(PROJECT_DIR)/Lion\\ Pool",
				);
				GENERATE_INFOPLIST_FILE = YES;
				INFOPLIST_FILE = "Lion-Pool-Info.plist";
				INFOPLIST_KEY_UIApplicationSceneManifest_Generation = YES;
				INFOPLIST_KEY_UIApplicationSupportsIndirectInputEvents = YES;
				INFOPLIST_KEY_UILaunchScreen_Generation = YES;
				INFOPLIST_KEY_UISupportedInterfaceOrientations_iPad = "UIInterfaceOrientationPortrait UIInterfaceOrientationPortraitUpsideDown UIInterfaceOrientationLandscapeLeft UIInterfaceOrientationLandscapeRight";
				INFOPLIST_KEY_UISupportedInterfaceOrientations_iPhone = "UIInterfaceOrientationPortrait UIInterfaceOrientationLandscapeLeft UIInterfaceOrientationLandscapeRight";
				LD_RUNPATH_SEARCH_PATHS = (
					"$(inherited)",
					"@executable_path/Frameworks",
				);
				MARKETING_VERSION = 1.0;
				NEW_SETTING = "";
				NEW_SETTING1 = "";
				PRODUCT_BUNDLE_IDENTIFIER = "com.Lion-Pool";
				PRODUCT_NAME = "$(TARGET_NAME)";
				SWIFT_EMIT_LOC_STRINGS = YES;
				SWIFT_VERSION = 5.0;
				TARGETED_DEVICE_FAMILY = "1,2";
			};
			name = Release;
		};
		75109A72285BB7D100CAC400 /* Debug */ = {
			isa = XCBuildConfiguration;
			buildSettings = {
				ALWAYS_EMBED_SWIFT_STANDARD_LIBRARIES = YES;
				BUNDLE_LOADER = "$(TEST_HOST)";
				CODE_SIGN_STYLE = Automatic;
				CURRENT_PROJECT_VERSION = 1;
				GENERATE_INFOPLIST_FILE = YES;
				IPHONEOS_DEPLOYMENT_TARGET = 15.5;
				MARKETING_VERSION = 1.0;
				PRODUCT_BUNDLE_IDENTIFIER = "com.Lion-PoolTests";
				PRODUCT_NAME = "$(TARGET_NAME)";
				SWIFT_EMIT_LOC_STRINGS = NO;
				SWIFT_VERSION = 5.0;
				TARGETED_DEVICE_FAMILY = "1,2";
				TEST_HOST = "$(BUILT_PRODUCTS_DIR)/Lion Pool.app/Lion Pool";
			};
			name = Debug;
		};
		75109A73285BB7D100CAC400 /* Release */ = {
			isa = XCBuildConfiguration;
			buildSettings = {
				ALWAYS_EMBED_SWIFT_STANDARD_LIBRARIES = YES;
				BUNDLE_LOADER = "$(TEST_HOST)";
				CODE_SIGN_STYLE = Automatic;
				CURRENT_PROJECT_VERSION = 1;
				GENERATE_INFOPLIST_FILE = YES;
				IPHONEOS_DEPLOYMENT_TARGET = 15.5;
				MARKETING_VERSION = 1.0;
				PRODUCT_BUNDLE_IDENTIFIER = "com.Lion-PoolTests";
				PRODUCT_NAME = "$(TARGET_NAME)";
				SWIFT_EMIT_LOC_STRINGS = NO;
				SWIFT_VERSION = 5.0;
				TARGETED_DEVICE_FAMILY = "1,2";
				TEST_HOST = "$(BUILT_PRODUCTS_DIR)/Lion Pool.app/Lion Pool";
			};
			name = Release;
		};
		75109A75285BB7D100CAC400 /* Debug */ = {
			isa = XCBuildConfiguration;
			buildSettings = {
				ALWAYS_EMBED_SWIFT_STANDARD_LIBRARIES = YES;
				CODE_SIGN_STYLE = Automatic;
				CURRENT_PROJECT_VERSION = 1;
				GENERATE_INFOPLIST_FILE = YES;
				MARKETING_VERSION = 1.0;
				PRODUCT_BUNDLE_IDENTIFIER = "com.Lion-PoolUITests";
				PRODUCT_NAME = "$(TARGET_NAME)";
				SWIFT_EMIT_LOC_STRINGS = NO;
				SWIFT_VERSION = 5.0;
				TARGETED_DEVICE_FAMILY = "1,2";
				TEST_TARGET_NAME = "Lion Pool";
			};
			name = Debug;
		};
		75109A76285BB7D100CAC400 /* Release */ = {
			isa = XCBuildConfiguration;
			buildSettings = {
				ALWAYS_EMBED_SWIFT_STANDARD_LIBRARIES = YES;
				CODE_SIGN_STYLE = Automatic;
				CURRENT_PROJECT_VERSION = 1;
				GENERATE_INFOPLIST_FILE = YES;
				MARKETING_VERSION = 1.0;
				PRODUCT_BUNDLE_IDENTIFIER = "com.Lion-PoolUITests";
				PRODUCT_NAME = "$(TARGET_NAME)";
				SWIFT_EMIT_LOC_STRINGS = NO;
				SWIFT_VERSION = 5.0;
				TARGETED_DEVICE_FAMILY = "1,2";
				TEST_TARGET_NAME = "Lion Pool";
			};
			name = Release;
		};
/* End XCBuildConfiguration section */

/* Begin XCConfigurationList section */
		75109A45285BB7CE00CAC400 /* Build configuration list for PBXProject "Lion Pool" */ = {
			isa = XCConfigurationList;
			buildConfigurations = (
				75109A6C285BB7D100CAC400 /* Debug */,
				75109A6D285BB7D100CAC400 /* Release */,
			);
			defaultConfigurationIsVisible = 0;
			defaultConfigurationName = Release;
		};
		75109A6E285BB7D100CAC400 /* Build configuration list for PBXNativeTarget "Lion Pool" */ = {
			isa = XCConfigurationList;
			buildConfigurations = (
				75109A6F285BB7D100CAC400 /* Debug */,
				75109A70285BB7D100CAC400 /* Release */,
			);
			defaultConfigurationIsVisible = 0;
			defaultConfigurationName = Release;
		};
		75109A71285BB7D100CAC400 /* Build configuration list for PBXNativeTarget "Lion PoolTests" */ = {
			isa = XCConfigurationList;
			buildConfigurations = (
				75109A72285BB7D100CAC400 /* Debug */,
				75109A73285BB7D100CAC400 /* Release */,
			);
			defaultConfigurationIsVisible = 0;
			defaultConfigurationName = Release;
		};
		75109A74285BB7D100CAC400 /* Build configuration list for PBXNativeTarget "Lion PoolUITests" */ = {
			isa = XCConfigurationList;
			buildConfigurations = (
				75109A75285BB7D100CAC400 /* Debug */,
				75109A76285BB7D100CAC400 /* Release */,
			);
			defaultConfigurationIsVisible = 0;
			defaultConfigurationName = Release;
		};
/* End XCConfigurationList section */

/* Begin XCRemoteSwiftPackageReference section */
		751C34F02A6CF11E00F6783C /* XCRemoteSwiftPackageReference "GoogleSignIn-iOS" */ = {
			isa = XCRemoteSwiftPackageReference;
			repositoryURL = "https://github.com/google/GoogleSignIn-iOS";
			requirement = {
				kind = upToNextMajorVersion;
				minimumVersion = 7.0.0;
			};
		};
		758B6CCC2A9441500065B67B /* XCRemoteSwiftPackageReference "PartialSheet" */ = {
			isa = XCRemoteSwiftPackageReference;
			repositoryURL = "git@github.com:AndreaMiotto/PartialSheet.git";
			requirement = {
				kind = upToNextMajorVersion;
				minimumVersion = 3.0.0;
			};
		};
		758DF8EA2A8F0B400002BFF2 /* XCRemoteSwiftPackageReference "facebook-ios-sdk" */ = {
			isa = XCRemoteSwiftPackageReference;
			repositoryURL = "https://github.com/facebook/facebook-ios-sdk";
			requirement = {
				kind = upToNextMajorVersion;
				minimumVersion = 14.0.0;
			};
		};
		759557692A58DD8900571AD0 /* XCRemoteSwiftPackageReference "firebase-ios-sdk" */ = {
			isa = XCRemoteSwiftPackageReference;
			repositoryURL = "https://github.com/firebase/firebase-ios-sdk";
			requirement = {
				kind = upToNextMajorVersion;
				minimumVersion = 10.0.0;
			};
		};
		75A05E822A58C72D002ABE9C /* XCRemoteSwiftPackageReference "iPhoneNumberField" */ = {
			isa = XCRemoteSwiftPackageReference;
			repositoryURL = "https://github.com/MojtabaHs/iPhoneNumberField";
			requirement = {
				kind = upToNextMajorVersion;
				minimumVersion = 0.10.1;
			};
		};
/* End XCRemoteSwiftPackageReference section */

/* Begin XCSwiftPackageProductDependency section */
		751C34F12A6CF11E00F6783C /* GoogleSignIn */ = {
			isa = XCSwiftPackageProductDependency;
			package = 751C34F02A6CF11E00F6783C /* XCRemoteSwiftPackageReference "GoogleSignIn-iOS" */;
			productName = GoogleSignIn;
		};
		751C34F32A6CF11E00F6783C /* GoogleSignInSwift */ = {
			isa = XCSwiftPackageProductDependency;
			package = 751C34F02A6CF11E00F6783C /* XCRemoteSwiftPackageReference "GoogleSignIn-iOS" */;
			productName = GoogleSignInSwift;
		};
		758B6CCD2A9441500065B67B /* PartialSheet */ = {
			isa = XCSwiftPackageProductDependency;
			package = 758B6CCC2A9441500065B67B /* XCRemoteSwiftPackageReference "PartialSheet" */;
			productName = PartialSheet;
		};
		758DF8EB2A8F0B400002BFF2 /* FacebookAEM */ = {
			isa = XCSwiftPackageProductDependency;
			package = 758DF8EA2A8F0B400002BFF2 /* XCRemoteSwiftPackageReference "facebook-ios-sdk" */;
			productName = FacebookAEM;
		};
		758DF8ED2A8F0B400002BFF2 /* FacebookBasics */ = {
			isa = XCSwiftPackageProductDependency;
			package = 758DF8EA2A8F0B400002BFF2 /* XCRemoteSwiftPackageReference "facebook-ios-sdk" */;
			productName = FacebookBasics;
		};
		758DF8EF2A8F0B400002BFF2 /* FacebookCore */ = {
			isa = XCSwiftPackageProductDependency;
			package = 758DF8EA2A8F0B400002BFF2 /* XCRemoteSwiftPackageReference "facebook-ios-sdk" */;
			productName = FacebookCore;
		};
		758DF8F12A8F0B400002BFF2 /* FacebookLogin */ = {
			isa = XCSwiftPackageProductDependency;
			package = 758DF8EA2A8F0B400002BFF2 /* XCRemoteSwiftPackageReference "facebook-ios-sdk" */;
			productName = FacebookLogin;
		};
		758DF8F32A8F0B400002BFF2 /* FacebookShare */ = {
			isa = XCSwiftPackageProductDependency;
			package = 758DF8EA2A8F0B400002BFF2 /* XCRemoteSwiftPackageReference "facebook-ios-sdk" */;
			productName = FacebookShare;
		};
		7595576A2A58DD8900571AD0 /* FirebaseAuth */ = {
			isa = XCSwiftPackageProductDependency;
			package = 759557692A58DD8900571AD0 /* XCRemoteSwiftPackageReference "firebase-ios-sdk" */;
			productName = FirebaseAuth;
		};
		7595576C2A58DD8900571AD0 /* FirebaseAuthCombine-Community */ = {
			isa = XCSwiftPackageProductDependency;
			package = 759557692A58DD8900571AD0 /* XCRemoteSwiftPackageReference "firebase-ios-sdk" */;
			productName = "FirebaseAuthCombine-Community";
		};
		7595576E2A58DD8900571AD0 /* FirebaseDatabase */ = {
			isa = XCSwiftPackageProductDependency;
			package = 759557692A58DD8900571AD0 /* XCRemoteSwiftPackageReference "firebase-ios-sdk" */;
			productName = FirebaseDatabase;
		};
		759557702A58DD8900571AD0 /* FirebaseDatabaseSwift */ = {
			isa = XCSwiftPackageProductDependency;
			package = 759557692A58DD8900571AD0 /* XCRemoteSwiftPackageReference "firebase-ios-sdk" */;
			productName = FirebaseDatabaseSwift;
		};
		759557722A58DD8900571AD0 /* FirebaseFirestore */ = {
			isa = XCSwiftPackageProductDependency;
			package = 759557692A58DD8900571AD0 /* XCRemoteSwiftPackageReference "firebase-ios-sdk" */;
			productName = FirebaseFirestore;
		};
		759557742A58DD8900571AD0 /* FirebaseFirestoreSwift */ = {
			isa = XCSwiftPackageProductDependency;
			package = 759557692A58DD8900571AD0 /* XCRemoteSwiftPackageReference "firebase-ios-sdk" */;
			productName = FirebaseFirestoreSwift;
		};
		759557762A58DD8900571AD0 /* FirebaseStorage */ = {
			isa = XCSwiftPackageProductDependency;
			package = 759557692A58DD8900571AD0 /* XCRemoteSwiftPackageReference "firebase-ios-sdk" */;
			productName = FirebaseStorage;
		};
		759557782A58DD8900571AD0 /* FirebaseStorageCombine-Community */ = {
			isa = XCSwiftPackageProductDependency;
			package = 759557692A58DD8900571AD0 /* XCRemoteSwiftPackageReference "firebase-ios-sdk" */;
			productName = "FirebaseStorageCombine-Community";
		};
		75A05E832A58C72D002ABE9C /* iPhoneNumberField */ = {
			isa = XCSwiftPackageProductDependency;
			package = 75A05E822A58C72D002ABE9C /* XCRemoteSwiftPackageReference "iPhoneNumberField" */;
			productName = iPhoneNumberField;
		};
/* End XCSwiftPackageProductDependency section */
	};
	rootObject = 75109A42285BB7CE00CAC400 /* Project object */;
}
